
Microsoft Visual Studio Solution File, Format Version 12.00
# Visual Studio Version 17
VisualStudioVersion = 17.8.34330.188
MinimumVisualStudioVersion = 10.0.40219.1
Project("{FAE04EC0-301F-11D3-BF4B-00C04F79EFBC}") = "Calculadora", "Calculadora\Calculadora.csproj", "{EA3DE7C0-40AB-4396-B1A9-86E0CE1921AF}"
EndProject
Global
	GlobalSection(SolutionConfigurationPlatforms) = preSolution
		Debug|Any CPU = Debug|Any CPU
		Release|Any CPU = Release|Any CPU
	EndGlobalSection
	GlobalSection(ProjectConfigurationPlatforms) = postSolution
		{EA3DE7C0-40AB-4396-B1A9-86E0CE1921AF}.Debug|Any CPU.ActiveCfg = Debug|Any CPU
		{EA3DE7C0-40AB-4396-B1A9-86E0CE1921AF}.Debug|Any CPU.Build.0 = Debug|Any CPU
		{EA3DE7C0-40AB-4396-B1A9-86E0CE1921AF}.Release|Any CPU.ActiveCfg = Release|Any CPU
		{EA3DE7C0-40AB-4396-B1A9-86E0CE1921AF}.Release|Any CPU.Build.0 = Release|Any CPU
	EndGlobalSection
	GlobalSection(SolutionProperties) = preSolution
		HideSolutionNode = FALSE
	EndGlobalSection
	GlobalSection(ExtensibilityGlobals) = postSolution
		SolutionGuid = {B5B2A7AB-B4CD-4435-88A0-6A88C77B52E1}
	EndGlobalSection
EndGlobal
